
Microsoft Visual Studio Solution File, Format Version 12.00
# Visual Studio 15
VisualStudioVersion = 15.0.28307.705
MinimumVisualStudioVersion = 10.0.40219.1
Project("{8BC9CEB8-8B4A-11D0-8D11-00A0C91BC942}") = "PathFinder", "PathFinder\PathFinder.vcxproj", "{86D79B97-7F5A-44E5-9763-0ECCE9DE63B3}"
EndProject
Global
	GlobalSection(SolutionConfigurationPlatforms) = preSolution
		Debug|x64 = Debug|x64
		Debug|x86 = Debug|x86
		Release|x64 = Release|x64
		Release|x86 = Release|x86
	EndGlobalSection
	GlobalSection(ProjectConfigurationPlatforms) = postSolution
		{86D79B97-7F5A-44E5-9763-0ECCE9DE63B3}.Debug|x64.ActiveCfg = Debug|x64
		{86D79B97-7F5A-44E5-9763-0ECCE9DE63B3}.Debug|x64.Build.0 = Debug|x64
		{86D79B97-7F5A-44E5-9763-0ECCE9DE63B3}.Debug|x86.ActiveCfg = Debug|Win32
		{86D79B97-7F5A-44E5-9763-0ECCE9DE63B3}.Debug|x86.Build.0 = Debug|Win32
		{86D79B97-7F5A-44E5-9763-0ECCE9DE63B3}.Release|x64.ActiveCfg = Release|x64
		{86D79B97-7F5A-44E5-9763-0ECCE9DE63B3}.Release|x64.Build.0 = Release|x64
		{86D79B97-7F5A-44E5-9763-0ECCE9DE63B3}.Release|x86.ActiveCfg = Release|Win32
		{86D79B97-7F5A-44E5-9763-0ECCE9DE63B3}.Release|x86.Build.0 = Release|Win32
	EndGlobalSection
	GlobalSection(SolutionProperties) = preSolution
		HideSolutionNode = FALSE
	EndGlobalSection
	GlobalSection(ExtensibilityGlobals) = postSolution
		SolutionGuid = {CDEC6DFF-EEE1-4F74-85BD-7CD5F3DDAD87}
	EndGlobalSection
EndGlobal
